
Microsoft Visual Studio Solution File, Format Version 12.00
# Visual Studio Version 16
VisualStudioVersion = 16.0.28902.138
MinimumVisualStudioVersion = 10.0.40219.1
Project("{FAE04EC0-301F-11D3-BF4B-00C04F79EFBC}") = "Task_DEV-9", "Task_DEV-9\Task_DEV-9.csproj", "{F961AD01-63CD-4C98-AEC2-2CA2B23644ED}"
EndProject
Global
	GlobalSection(SolutionConfigurationPlatforms) = preSolution
		Debug|Any CPU = Debug|Any CPU
		Release|Any CPU = Release|Any CPU
	EndGlobalSection
	GlobalSection(ProjectConfigurationPlatforms) = postSolution
		{F961AD01-63CD-4C98-AEC2-2CA2B23644ED}.Debug|Any CPU.ActiveCfg = Debug|Any CPU
		{F961AD01-63CD-4C98-AEC2-2CA2B23644ED}.Debug|Any CPU.Build.0 = Debug|Any CPU
		{F961AD01-63CD-4C98-AEC2-2CA2B23644ED}.Release|Any CPU.ActiveCfg = Release|Any CPU
		{F961AD01-63CD-4C98-AEC2-2CA2B23644ED}.Release|Any CPU.Build.0 = Release|Any CPU
	EndGlobalSection
	GlobalSection(SolutionProperties) = preSolution
		HideSolutionNode = FALSE
	EndGlobalSection
	GlobalSection(ExtensibilityGlobals) = postSolution
		SolutionGuid = {2943622F-AFC5-47B5-AA34-65C89A1AC4C6}
	EndGlobalSection
EndGlobal
