
Microsoft Visual Studio Solution File, Format Version 12.00
# Visual Studio 15
VisualStudioVersion = 15.0.28307.438
MinimumVisualStudioVersion = 10.0.40219.1
Project("{FAE04EC0-301F-11D3-BF4B-00C04F79EFBC}") = "DevTask1", "DevTask1\DevTask1.csproj", "{13E17E9C-3BE1-43C3-B20E-AC419B6F00CB}"
EndProject
Global
	GlobalSection(SolutionConfigurationPlatforms) = preSolution
		Debug|Any CPU = Debug|Any CPU
		Release|Any CPU = Release|Any CPU
	EndGlobalSection
	GlobalSection(ProjectConfigurationPlatforms) = postSolution
		{13E17E9C-3BE1-43C3-B20E-AC419B6F00CB}.Debug|Any CPU.ActiveCfg = Debug|Any CPU
		{13E17E9C-3BE1-43C3-B20E-AC419B6F00CB}.Debug|Any CPU.Build.0 = Debug|Any CPU
		{13E17E9C-3BE1-43C3-B20E-AC419B6F00CB}.Release|Any CPU.ActiveCfg = Release|Any CPU
		{13E17E9C-3BE1-43C3-B20E-AC419B6F00CB}.Release|Any CPU.Build.0 = Release|Any CPU
	EndGlobalSection
	GlobalSection(SolutionProperties) = preSolution
		HideSolutionNode = FALSE
	EndGlobalSection
	GlobalSection(ExtensibilityGlobals) = postSolution
		SolutionGuid = {AEF3A062-5D1D-44C8-AC4F-98F282FA9718}
	EndGlobalSection
EndGlobal
