
Microsoft Visual Studio Solution File, Format Version 12.00
# Visual Studio 15
VisualStudioVersion = 15.0.28307.438
MinimumVisualStudioVersion = 10.0.40219.1
Project("{FAE04EC0-301F-11D3-BF4B-00C04F79EFBC}") = "Task_DEV-6", "Task_DEV-6\Task_DEV-6.csproj", "{FBC5E6F1-9A1C-4E06-80AA-49506B93ED36}"
EndProject
Global
	GlobalSection(SolutionConfigurationPlatforms) = preSolution
		Debug|Any CPU = Debug|Any CPU
		Release|Any CPU = Release|Any CPU
	EndGlobalSection
	GlobalSection(ProjectConfigurationPlatforms) = postSolution
		{FBC5E6F1-9A1C-4E06-80AA-49506B93ED36}.Debug|Any CPU.ActiveCfg = Debug|Any CPU
		{FBC5E6F1-9A1C-4E06-80AA-49506B93ED36}.Debug|Any CPU.Build.0 = Debug|Any CPU
		{FBC5E6F1-9A1C-4E06-80AA-49506B93ED36}.Release|Any CPU.ActiveCfg = Release|Any CPU
		{FBC5E6F1-9A1C-4E06-80AA-49506B93ED36}.Release|Any CPU.Build.0 = Release|Any CPU
	EndGlobalSection
	GlobalSection(SolutionProperties) = preSolution
		HideSolutionNode = FALSE
	EndGlobalSection
	GlobalSection(ExtensibilityGlobals) = postSolution
		SolutionGuid = {60BF9B19-3BC3-4ABB-90C8-5FADBDF3A43E}
	EndGlobalSection
EndGlobal
